
Microsoft Visual Studio Solution File, Format Version 12.00
# Visual Studio Version 17
VisualStudioVersion = 17.4.33403.182
MinimumVisualStudioVersion = 10.0.40219.1
Project("{9A19103F-16F7-4668-BE54-9A1E7A4F7556}") = "Z.Commons", "Z.Commons\Z.Commons.csproj", "{82534A81-F871-45DC-9C66-7019B0E9465F}"
EndProject
Project("{9A19103F-16F7-4668-BE54-9A1E7A4F7556}") = "Z.Infrastructure", "Z.Infrastructure\Z.Infrastructure.csproj", "{47D38C43-B5DE-41C5-A371-8E0336AB6389}"
EndProject
Project("{9A19103F-16F7-4668-BE54-9A1E7A4F7556}") = "Z.DomainCommons", "Z.DomainCommons\Z.DomainCommons.csproj", "{2AC4EB8A-CCD8-4C67-80CE-264DF07BA97F}"
EndProject
Project("{9A19103F-16F7-4668-BE54-9A1E7A4F7556}") = "Z.EventBus", "Z.EventBus\Z.EventBus.csproj", "{D5F2C630-1D9D-4845-832F-BD101DD6212A}"
EndProject
Project("{9A19103F-16F7-4668-BE54-9A1E7A4F7556}") = "Z.JWT", "Z.JWT\Z.JWT.csproj", "{55396AEA-3749-4CB4-A447-5DDB5CE236F7}"
EndProject
Project("{9A19103F-16F7-4668-BE54-9A1E7A4F7556}") = "Z.ASPNETCore", "Z.ASPNETCore\Z.ASPNETCore.csproj", "{B8830C95-A323-4391-9F7B-FFFD30903E41}"
EndProject
Project("{9A19103F-16F7-4668-BE54-9A1E7A4F7556}") = "Z.CommonInitializer", "Z.CommonInitializer\Z.CommonInitializer.csproj", "{5B357367-144E-4AC9-8184-C5EEFD6F7A1E}"
EndProject
Project("{9A19103F-16F7-4668-BE54-9A1E7A4F7556}") = "Z.FileService.WebAPI", "Z.FileService.WebAPI\Z.FileService.WebAPI.csproj", "{355F0E32-5B21-43F1-AC21-EBC3D4348B07}"
EndProject
Project("{9A19103F-16F7-4668-BE54-9A1E7A4F7556}") = "Z.AnyDBConfigProvider", "Z.AnyDBConfigProvider\Z.AnyDBConfigProvider.csproj", "{7D818E6E-CFE4-42C3-B022-B8927D9FB088}"
EndProject
Project("{9A19103F-16F7-4668-BE54-9A1E7A4F7556}") = "Z.FileService.Infrastructure", "Z.FileService.Infrastructure\Z.FileService.Infrastructure.csproj", "{E0A0716D-8D03-4879-B6BA-2C05004435D1}"
EndProject
Project("{9A19103F-16F7-4668-BE54-9A1E7A4F7556}") = "Z.FileService.Domain", "Z.FileService.Domain\Z.FileService.Domain.csproj", "{B9A3A84D-0555-4065-BAB8-1648837C9107}"
EndProject
Project("{9A19103F-16F7-4668-BE54-9A1E7A4F7556}") = "Z.FileService.SDK.NETCore", "Z.FileService.SDK.NETCore\Z.FileService.SDK.NETCore.csproj", "{5443D979-5A5E-4B20-B3C8-4C495CCE9E5B}"
EndProject
Project("{9A19103F-16F7-4668-BE54-9A1E7A4F7556}") = "Z.IdentityService.Domain", "Z.IdentityService.Domain\Z.IdentityService.Domain.csproj", "{54F4D9CA-9AEC-4D89-8E22-D5E674277A85}"
EndProject
Project("{9A19103F-16F7-4668-BE54-9A1E7A4F7556}") = "Z.IdentityService.Infrastructure", "Z.IdentityService.Infrastructure\Z.IdentityService.Infrastructure.csproj", "{6558E6FB-68FE-4B46-99C5-4883833B6C75}"
EndProject
Project("{9A19103F-16F7-4668-BE54-9A1E7A4F7556}") = "Z.IdentityService.WebAPI", "Z.IdentityService.WebAPI\Z.IdentityService.WebAPI.csproj", "{E3AF0432-DEF7-4795-8FEA-D869210AFCC3}"
EndProject
Project("{2150E333-8FDC-42A3-9474-1A3956D46DE8}") = "Z.FileService", "Z.FileService", "{671A99BB-68A0-4DBA-B8FF-EB55484C9929}"
EndProject
Project("{2150E333-8FDC-42A3-9474-1A3956D46DE8}") = "Z.IdentityService", "Z.IdentityService", "{6E50F84F-8B07-4359-A26B-0EF4809C33A8}"
EndProject
Project("{2150E333-8FDC-42A3-9474-1A3956D46DE8}") = "Z.Base", "Z.Base", "{21AD08BA-9A0D-4E69-9196-16489748C77D}"
EndProject
Project("{2150E333-8FDC-42A3-9474-1A3956D46DE8}") = "Z.Listening", "Z.Listening", "{78EE44A0-DFE9-4CF3-A47D-B528B1D95A18}"
EndProject
Project("{FAE04EC0-301F-11D3-BF4B-00C04F79EFBC}") = "Z.Listening.Domain", "Z.Listening.Domain\Z.Listening.Domain.csproj", "{4EC5F4D6-0573-4B53-9361-67FA3516F849}"
EndProject
Global
	GlobalSection(SolutionConfigurationPlatforms) = preSolution
		Debug|Any CPU = Debug|Any CPU
		Release|Any CPU = Release|Any CPU
	EndGlobalSection
	GlobalSection(ProjectConfigurationPlatforms) = postSolution
		{82534A81-F871-45DC-9C66-7019B0E9465F}.Debug|Any CPU.ActiveCfg = Debug|Any CPU
		{82534A81-F871-45DC-9C66-7019B0E9465F}.Debug|Any CPU.Build.0 = Debug|Any CPU
		{82534A81-F871-45DC-9C66-7019B0E9465F}.Release|Any CPU.ActiveCfg = Release|Any CPU
		{82534A81-F871-45DC-9C66-7019B0E9465F}.Release|Any CPU.Build.0 = Release|Any CPU
		{47D38C43-B5DE-41C5-A371-8E0336AB6389}.Debug|Any CPU.ActiveCfg = Debug|Any CPU
		{47D38C43-B5DE-41C5-A371-8E0336AB6389}.Debug|Any CPU.Build.0 = Debug|Any CPU
		{47D38C43-B5DE-41C5-A371-8E0336AB6389}.Release|Any CPU.ActiveCfg = Release|Any CPU
		{47D38C43-B5DE-41C5-A371-8E0336AB6389}.Release|Any CPU.Build.0 = Release|Any CPU
		{2AC4EB8A-CCD8-4C67-80CE-264DF07BA97F}.Debug|Any CPU.ActiveCfg = Debug|Any CPU
		{2AC4EB8A-CCD8-4C67-80CE-264DF07BA97F}.Debug|Any CPU.Build.0 = Debug|Any CPU
		{2AC4EB8A-CCD8-4C67-80CE-264DF07BA97F}.Release|Any CPU.ActiveCfg = Release|Any CPU
		{2AC4EB8A-CCD8-4C67-80CE-264DF07BA97F}.Release|Any CPU.Build.0 = Release|Any CPU
		{D5F2C630-1D9D-4845-832F-BD101DD6212A}.Debug|Any CPU.ActiveCfg = Debug|Any CPU
		{D5F2C630-1D9D-4845-832F-BD101DD6212A}.Debug|Any CPU.Build.0 = Debug|Any CPU
		{D5F2C630-1D9D-4845-832F-BD101DD6212A}.Release|Any CPU.ActiveCfg = Release|Any CPU
		{D5F2C630-1D9D-4845-832F-BD101DD6212A}.Release|Any CPU.Build.0 = Release|Any CPU
		{55396AEA-3749-4CB4-A447-5DDB5CE236F7}.Debug|Any CPU.ActiveCfg = Debug|Any CPU
		{55396AEA-3749-4CB4-A447-5DDB5CE236F7}.Debug|Any CPU.Build.0 = Debug|Any CPU
		{55396AEA-3749-4CB4-A447-5DDB5CE236F7}.Release|Any CPU.ActiveCfg = Release|Any CPU
		{55396AEA-3749-4CB4-A447-5DDB5CE236F7}.Release|Any CPU.Build.0 = Release|Any CPU
		{B8830C95-A323-4391-9F7B-FFFD30903E41}.Debug|Any CPU.ActiveCfg = Debug|Any CPU
		{B8830C95-A323-4391-9F7B-FFFD30903E41}.Debug|Any CPU.Build.0 = Debug|Any CPU
		{B8830C95-A323-4391-9F7B-FFFD30903E41}.Release|Any CPU.ActiveCfg = Release|Any CPU
		{B8830C95-A323-4391-9F7B-FFFD30903E41}.Release|Any CPU.Build.0 = Release|Any CPU
		{5B357367-144E-4AC9-8184-C5EEFD6F7A1E}.Debug|Any CPU.ActiveCfg = Debug|Any CPU
		{5B357367-144E-4AC9-8184-C5EEFD6F7A1E}.Debug|Any CPU.Build.0 = Debug|Any CPU
		{5B357367-144E-4AC9-8184-C5EEFD6F7A1E}.Release|Any CPU.ActiveCfg = Release|Any CPU
		{5B357367-144E-4AC9-8184-C5EEFD6F7A1E}.Release|Any CPU.Build.0 = Release|Any CPU
		{355F0E32-5B21-43F1-AC21-EBC3D4348B07}.Debug|Any CPU.ActiveCfg = Debug|Any CPU
		{355F0E32-5B21-43F1-AC21-EBC3D4348B07}.Debug|Any CPU.Build.0 = Debug|Any CPU
		{355F0E32-5B21-43F1-AC21-EBC3D4348B07}.Release|Any CPU.ActiveCfg = Release|Any CPU
		{355F0E32-5B21-43F1-AC21-EBC3D4348B07}.Release|Any CPU.Build.0 = Release|Any CPU
		{7D818E6E-CFE4-42C3-B022-B8927D9FB088}.Debug|Any CPU.ActiveCfg = Debug|Any CPU
		{7D818E6E-CFE4-42C3-B022-B8927D9FB088}.Debug|Any CPU.Build.0 = Debug|Any CPU
		{7D818E6E-CFE4-42C3-B022-B8927D9FB088}.Release|Any CPU.ActiveCfg = Release|Any CPU
		{7D818E6E-CFE4-42C3-B022-B8927D9FB088}.Release|Any CPU.Build.0 = Release|Any CPU
		{E0A0716D-8D03-4879-B6BA-2C05004435D1}.Debug|Any CPU.ActiveCfg = Debug|Any CPU
		{E0A0716D-8D03-4879-B6BA-2C05004435D1}.Debug|Any CPU.Build.0 = Debug|Any CPU
		{E0A0716D-8D03-4879-B6BA-2C05004435D1}.Release|Any CPU.ActiveCfg = Release|Any CPU
		{E0A0716D-8D03-4879-B6BA-2C05004435D1}.Release|Any CPU.Build.0 = Release|Any CPU
		{B9A3A84D-0555-4065-BAB8-1648837C9107}.Debug|Any CPU.ActiveCfg = Debug|Any CPU
		{B9A3A84D-0555-4065-BAB8-1648837C9107}.Debug|Any CPU.Build.0 = Debug|Any CPU
		{B9A3A84D-0555-4065-BAB8-1648837C9107}.Release|Any CPU.ActiveCfg = Release|Any CPU
		{B9A3A84D-0555-4065-BAB8-1648837C9107}.Release|Any CPU.Build.0 = Release|Any CPU
		{5443D979-5A5E-4B20-B3C8-4C495CCE9E5B}.Debug|Any CPU.ActiveCfg = Debug|Any CPU
		{5443D979-5A5E-4B20-B3C8-4C495CCE9E5B}.Debug|Any CPU.Build.0 = Debug|Any CPU
		{5443D979-5A5E-4B20-B3C8-4C495CCE9E5B}.Release|Any CPU.ActiveCfg = Release|Any CPU
		{5443D979-5A5E-4B20-B3C8-4C495CCE9E5B}.Release|Any CPU.Build.0 = Release|Any CPU
		{54F4D9CA-9AEC-4D89-8E22-D5E674277A85}.Debug|Any CPU.ActiveCfg = Debug|Any CPU
		{54F4D9CA-9AEC-4D89-8E22-D5E674277A85}.Debug|Any CPU.Build.0 = Debug|Any CPU
		{54F4D9CA-9AEC-4D89-8E22-D5E674277A85}.Release|Any CPU.ActiveCfg = Release|Any CPU
		{54F4D9CA-9AEC-4D89-8E22-D5E674277A85}.Release|Any CPU.Build.0 = Release|Any CPU
		{6558E6FB-68FE-4B46-99C5-4883833B6C75}.Debug|Any CPU.ActiveCfg = Debug|Any CPU
		{6558E6FB-68FE-4B46-99C5-4883833B6C75}.Debug|Any CPU.Build.0 = Debug|Any CPU
		{6558E6FB-68FE-4B46-99C5-4883833B6C75}.Release|Any CPU.ActiveCfg = Release|Any CPU
		{6558E6FB-68FE-4B46-99C5-4883833B6C75}.Release|Any CPU.Build.0 = Release|Any CPU
		{E3AF0432-DEF7-4795-8FEA-D869210AFCC3}.Debug|Any CPU.ActiveCfg = Debug|Any CPU
		{E3AF0432-DEF7-4795-8FEA-D869210AFCC3}.Debug|Any CPU.Build.0 = Debug|Any CPU
		{E3AF0432-DEF7-4795-8FEA-D869210AFCC3}.Release|Any CPU.ActiveCfg = Release|Any CPU
		{E3AF0432-DEF7-4795-8FEA-D869210AFCC3}.Release|Any CPU.Build.0 = Release|Any CPU
		{4EC5F4D6-0573-4B53-9361-67FA3516F849}.Debug|Any CPU.ActiveCfg = Debug|Any CPU
		{4EC5F4D6-0573-4B53-9361-67FA3516F849}.Debug|Any CPU.Build.0 = Debug|Any CPU
		{4EC5F4D6-0573-4B53-9361-67FA3516F849}.Release|Any CPU.ActiveCfg = Release|Any CPU
		{4EC5F4D6-0573-4B53-9361-67FA3516F849}.Release|Any CPU.Build.0 = Release|Any CPU
	EndGlobalSection
	GlobalSection(SolutionProperties) = preSolution
		HideSolutionNode = FALSE
	EndGlobalSection
	GlobalSection(NestedProjects) = preSolution
		{82534A81-F871-45DC-9C66-7019B0E9465F} = {21AD08BA-9A0D-4E69-9196-16489748C77D}
		{47D38C43-B5DE-41C5-A371-8E0336AB6389} = {21AD08BA-9A0D-4E69-9196-16489748C77D}
		{2AC4EB8A-CCD8-4C67-80CE-264DF07BA97F} = {21AD08BA-9A0D-4E69-9196-16489748C77D}
		{D5F2C630-1D9D-4845-832F-BD101DD6212A} = {21AD08BA-9A0D-4E69-9196-16489748C77D}
		{55396AEA-3749-4CB4-A447-5DDB5CE236F7} = {21AD08BA-9A0D-4E69-9196-16489748C77D}
		{B8830C95-A323-4391-9F7B-FFFD30903E41} = {21AD08BA-9A0D-4E69-9196-16489748C77D}
		{5B357367-144E-4AC9-8184-C5EEFD6F7A1E} = {21AD08BA-9A0D-4E69-9196-16489748C77D}
		{355F0E32-5B21-43F1-AC21-EBC3D4348B07} = {671A99BB-68A0-4DBA-B8FF-EB55484C9929}
		{7D818E6E-CFE4-42C3-B022-B8927D9FB088} = {21AD08BA-9A0D-4E69-9196-16489748C77D}
		{E0A0716D-8D03-4879-B6BA-2C05004435D1} = {671A99BB-68A0-4DBA-B8FF-EB55484C9929}
		{B9A3A84D-0555-4065-BAB8-1648837C9107} = {671A99BB-68A0-4DBA-B8FF-EB55484C9929}
		{5443D979-5A5E-4B20-B3C8-4C495CCE9E5B} = {671A99BB-68A0-4DBA-B8FF-EB55484C9929}
		{54F4D9CA-9AEC-4D89-8E22-D5E674277A85} = {6E50F84F-8B07-4359-A26B-0EF4809C33A8}
		{6558E6FB-68FE-4B46-99C5-4883833B6C75} = {6E50F84F-8B07-4359-A26B-0EF4809C33A8}
		{E3AF0432-DEF7-4795-8FEA-D869210AFCC3} = {6E50F84F-8B07-4359-A26B-0EF4809C33A8}
		{4EC5F4D6-0573-4B53-9361-67FA3516F849} = {78EE44A0-DFE9-4CF3-A47D-B528B1D95A18}
	EndGlobalSection
	GlobalSection(ExtensibilityGlobals) = postSolution
		SolutionGuid = {021466A7-5AFC-412C-AD1E-8F812D8F2650}
	EndGlobalSection
EndGlobal
