
Microsoft Visual Studio Solution File, Format Version 12.00
# Visual Studio Version 17
VisualStudioVersion = 17.4.33403.182
MinimumVisualStudioVersion = 10.0.40219.1
Project("{9A19103F-16F7-4668-BE54-9A1E7A4F7556}") = "Listening.Admin.WebAPI", "Listening.Admin.WebAPI\Listening.Admin.WebAPI.csproj", "{DDEAFFA4-EC10-490D-8BFC-B23EB101DB65}"
EndProject
Project("{9A19103F-16F7-4668-BE54-9A1E7A4F7556}") = "Z.Commons", "Z.Commons\Z.Commons.csproj", "{82534A81-F871-45DC-9C66-7019B0E9465F}"
EndProject
Project("{9A19103F-16F7-4668-BE54-9A1E7A4F7556}") = "Z.Infrastructure", "Z.Infrastructure\Z.Infrastructure.csproj", "{47D38C43-B5DE-41C5-A371-8E0336AB6389}"
EndProject
Project("{FAE04EC0-301F-11D3-BF4B-00C04F79EFBC}") = "Z.DomainCommons", "Z.DomainCommons\Z.DomainCommons.csproj", "{2AC4EB8A-CCD8-4C67-80CE-264DF07BA97F}"
EndProject
Project("{FAE04EC0-301F-11D3-BF4B-00C04F79EFBC}") = "Z.EventBus", "Z.EventBus\Z.EventBus.csproj", "{D5F2C630-1D9D-4845-832F-BD101DD6212A}"
EndProject
Global
	GlobalSection(SolutionConfigurationPlatforms) = preSolution
		Debug|Any CPU = Debug|Any CPU
		Release|Any CPU = Release|Any CPU
	EndGlobalSection
	GlobalSection(ProjectConfigurationPlatforms) = postSolution
		{DDEAFFA4-EC10-490D-8BFC-B23EB101DB65}.Debug|Any CPU.ActiveCfg = Debug|Any CPU
		{DDEAFFA4-EC10-490D-8BFC-B23EB101DB65}.Debug|Any CPU.Build.0 = Debug|Any CPU
		{DDEAFFA4-EC10-490D-8BFC-B23EB101DB65}.Release|Any CPU.ActiveCfg = Release|Any CPU
		{DDEAFFA4-EC10-490D-8BFC-B23EB101DB65}.Release|Any CPU.Build.0 = Release|Any CPU
		{82534A81-F871-45DC-9C66-7019B0E9465F}.Debug|Any CPU.ActiveCfg = Debug|Any CPU
		{82534A81-F871-45DC-9C66-7019B0E9465F}.Debug|Any CPU.Build.0 = Debug|Any CPU
		{82534A81-F871-45DC-9C66-7019B0E9465F}.Release|Any CPU.ActiveCfg = Release|Any CPU
		{82534A81-F871-45DC-9C66-7019B0E9465F}.Release|Any CPU.Build.0 = Release|Any CPU
		{47D38C43-B5DE-41C5-A371-8E0336AB6389}.Debug|Any CPU.ActiveCfg = Debug|Any CPU
		{47D38C43-B5DE-41C5-A371-8E0336AB6389}.Debug|Any CPU.Build.0 = Debug|Any CPU
		{47D38C43-B5DE-41C5-A371-8E0336AB6389}.Release|Any CPU.ActiveCfg = Release|Any CPU
		{47D38C43-B5DE-41C5-A371-8E0336AB6389}.Release|Any CPU.Build.0 = Release|Any CPU
		{2AC4EB8A-CCD8-4C67-80CE-264DF07BA97F}.Debug|Any CPU.ActiveCfg = Debug|Any CPU
		{2AC4EB8A-CCD8-4C67-80CE-264DF07BA97F}.Debug|Any CPU.Build.0 = Debug|Any CPU
		{2AC4EB8A-CCD8-4C67-80CE-264DF07BA97F}.Release|Any CPU.ActiveCfg = Release|Any CPU
		{2AC4EB8A-CCD8-4C67-80CE-264DF07BA97F}.Release|Any CPU.Build.0 = Release|Any CPU
		{D5F2C630-1D9D-4845-832F-BD101DD6212A}.Debug|Any CPU.ActiveCfg = Debug|Any CPU
		{D5F2C630-1D9D-4845-832F-BD101DD6212A}.Debug|Any CPU.Build.0 = Debug|Any CPU
		{D5F2C630-1D9D-4845-832F-BD101DD6212A}.Release|Any CPU.ActiveCfg = Release|Any CPU
		{D5F2C630-1D9D-4845-832F-BD101DD6212A}.Release|Any CPU.Build.0 = Release|Any CPU
	EndGlobalSection
	GlobalSection(SolutionProperties) = preSolution
		HideSolutionNode = FALSE
	EndGlobalSection
	GlobalSection(ExtensibilityGlobals) = postSolution
		SolutionGuid = {021466A7-5AFC-412C-AD1E-8F812D8F2650}
	EndGlobalSection
EndGlobal
